github.com/darren/gpac v0.0.0-20190205064832-63757178eeaa h1:vjvetKH0/jVzRp+/8TA2cc/7NW5Md19v/VPabcx0THs=
github.com/darren/gpac v0.0.0-20190205064832-63757178eeaa/go.mod h1:fK76ZiaaM0f4rW2A3sTomlo/wlY9jRV07KJ66DbOAXs=
github.com/darren/gpac v0.0.0-20190205154740-ac48ff1eaf41 h1:xkADc3wb+Zb9diEuPy+Ib3DEJ0GzMDKuQDm370m/cxw=
github.com/darren/gpac v0.0.0-20190205154740-ac48ff1eaf41/go.mod h1:fK76ZiaaM0f4rW2A3sTomlo/wlY9jRV07KJ66DbOAXs=
github.com/darren/gpac v0.0.0-20200701204638-32347cc3f560 h1:+XDngOmmXnE+9DjFWT/eTpo6erdpvr88uxsOQN7++M0=
github.com/darren/gpac v0.0.0-20200701204638-32347cc3f560/go.mod h1:1Id6bMaG5dQYTt+Pk0msQw4r/+kkuzfuFwoictr5mcU=
github.com/dlclark/regexp2 v1.2.0 h1:8sAhBGEM0dRWogWqWyQeIJnxjWO6oIjl8FKqREDsGfk=
github.com/dlclark/regexp2 v1.2.0/go.mod h1:2pZnwuY/m+8K6iRw6wQdMtk+rH5tNGR1i55kozfMjCc=
github.com/dop251/goja v0.0.0-20200629185240-bfd59704b500 h1:QthjkRYZQj+FcH5GZXltnlBiyW19WLb+l7R0TrZChNw=
github.com/dop251/goja v0.0.0-20200629185240-bfd59704b500/go.mod h1:Mw6PkjjMXWbTj+nnj4s3QPXq1jaT0s5pC0iFD4+BOAA=
github.com/go-sourcemap/sourcemap v2.1.3+incompatible h1:W1iEw64niKVGogNgBN3ePyLFfuisuzeidWPMPWmECqU=
github.com/go-sourcemap/sourcemap v2.1.3+incompatible/go.mod h1:F8jJfvm2KbVjc5NqelyYJmf/v5J0dwNLS2mL4sNA1Jg=
github.com/robertkrimen/otto v0.0.0-20180617131154-15f95af6e78d h1:1VUlQbCfkoSGv7qP7Y+ro3ap1P1pPZxgdGVqiTVy5C4=
github.com/robertkrimen/otto v0.0.0-20180617131154-15f95af6e78d/go.mod h1:xvqspoSXJTIpemEonrMDFq6XzwHYYgToXWj5eRX1OtY=
golang.org/x/text v0.3.3 h1:cokOdA+Jmi5PJGXLlLllQSgYigAEfHXJAERHVMaCc2k=
golang.org/x/text v0.3.3/go.mod h1:5Zoc/QRtKVWzQhOtBMvqHzDpF6irO9z98xDceosuGiQ=
golang.org/x/tools v0.0.0-20180917221912-90fa682c2a6e/go.mod h1:n7NCudcB/nEzxVGmLbDWY5pfWTLqBcC2KZ6jyYvM4mQ=
gopkg.in/sourcemap.v1 v1.0.5 h1:inv58fC9f9J3TK2Y2R1NPntXEn3/wjWHkonhIUODNTI=
gopkg.in/sourcemap.v1 v1.0.5/go.mod h1:2RlvNNSMglmRrcvhfuzp4hQHwOtjxlbjX7UPY/GXb78=
